
Microsoft Visual Studio Solution File, Format Version 12.00
# Visual Studio Version 17
VisualStudioVersion = 17.8.34511.84
MinimumVisualStudioVersion = 10.0.40219.1
Project("{2150E333-8FDC-42A3-9474-1A3956D46DE8}") = "BasicSyntaxLab", "BasicSyntaxLab", "{0B5E627A-28E6-43C3-969E-73F48618107C}"
EndProject
Project("{9A19103F-16F7-4668-BE54-9A1E7A4F7556}") = "StudentInformation", "StudentInformation\StudentInformation.csproj", "{67411DA4-5BDD-41CC-B7FC-529598F5B946}"
EndProject
Project("{9A19103F-16F7-4668-BE54-9A1E7A4F7556}") = "Passed", "Passed\Passed.csproj", "{4FEB25C5-9557-4069-AE69-3046E3A00991}"
EndProject
Project("{9A19103F-16F7-4668-BE54-9A1E7A4F7556}") = "PassedOrFailed", "PassedOrFailed\PassedOrFailed.csproj", "{72CA7A00-25CC-421F-AA77-643D070E7F80}"
EndProject
Project("{9A19103F-16F7-4668-BE54-9A1E7A4F7556}") = "BackIn30Minutes", "BackIn30Minutes\BackIn30Minutes.csproj", "{023FEAC8-15BC-4458-A107-B137222AC4C4}"
EndProject
Project("{9A19103F-16F7-4668-BE54-9A1E7A4F7556}") = "MonthPrinter", "MonthPrinter\MonthPrinter.csproj", "{7E613A23-9588-41D3-8C55-8D2621621373}"
EndProject
Project("{9A19103F-16F7-4668-BE54-9A1E7A4F7556}") = "ForeignLanguages", "ForeignLanguages\ForeignLanguages.csproj", "{0BB69958-23E6-43C1-960F-4246ACB30057}"
EndProject
Project("{9A19103F-16F7-4668-BE54-9A1E7A4F7556}") = "TheatrePromotions", "TheatrePromotions\TheatrePromotions.csproj", "{52349415-B86F-440E-8DF8-B7C6B51EF783}"
EndProject
Project("{FAE04EC0-301F-11D3-BF4B-00C04F79EFBC}") = "DivisibleBy3", "DivisibleBy3\DivisibleBy3.csproj", "{8D96BA49-9AE3-4CDC-9762-402A376B80BD}"
EndProject
Project("{FAE04EC0-301F-11D3-BF4B-00C04F79EFBC}") = "SumOfOddNumbers", "SumOfOddNumbers\SumOfOddNumbers.csproj", "{20C0913F-B234-417E-9769-5985D1295E27}"
EndProject
Project("{FAE04EC0-301F-11D3-BF4B-00C04F79EFBC}") = "MultiplicationTable", "MultiplicationTable\MultiplicationTable.csproj", "{929D2E73-AFF5-4D60-9FDA-0066D21D55C2}"
EndProject
Project("{FAE04EC0-301F-11D3-BF4B-00C04F79EFBC}") = "MultiplicationTableV2", "MultiplicationTableV2\MultiplicationTableV2.csproj", "{29AB7647-ECB0-45F3-AB41-3DA262B1DB29}"
EndProject
Project("{FAE04EC0-301F-11D3-BF4B-00C04F79EFBC}") = "EvenNumber", "EvenNumber\EvenNumber.csproj", "{7CB3924F-F04A-4E19-BAFC-E98AFE5871A0}"
EndProject
Project("{FAE04EC0-301F-11D3-BF4B-00C04F79EFBC}") = "DebugTheCode", "DebugTheCode\DebugTheCode.csproj", "{94E1712C-B087-40D4-B215-9B89C12E8D7B}"
EndProject
Global
	GlobalSection(SolutionConfigurationPlatforms) = preSolution
		Debug|Any CPU = Debug|Any CPU
		Release|Any CPU = Release|Any CPU
	EndGlobalSection
	GlobalSection(ProjectConfigurationPlatforms) = postSolution
		{67411DA4-5BDD-41CC-B7FC-529598F5B946}.Debug|Any CPU.ActiveCfg = Debug|Any CPU
		{67411DA4-5BDD-41CC-B7FC-529598F5B946}.Debug|Any CPU.Build.0 = Debug|Any CPU
		{67411DA4-5BDD-41CC-B7FC-529598F5B946}.Release|Any CPU.ActiveCfg = Release|Any CPU
		{67411DA4-5BDD-41CC-B7FC-529598F5B946}.Release|Any CPU.Build.0 = Release|Any CPU
		{4FEB25C5-9557-4069-AE69-3046E3A00991}.Debug|Any CPU.ActiveCfg = Debug|Any CPU
		{4FEB25C5-9557-4069-AE69-3046E3A00991}.Debug|Any CPU.Build.0 = Debug|Any CPU
		{4FEB25C5-9557-4069-AE69-3046E3A00991}.Release|Any CPU.ActiveCfg = Release|Any CPU
		{4FEB25C5-9557-4069-AE69-3046E3A00991}.Release|Any CPU.Build.0 = Release|Any CPU
		{72CA7A00-25CC-421F-AA77-643D070E7F80}.Debug|Any CPU.ActiveCfg = Debug|Any CPU
		{72CA7A00-25CC-421F-AA77-643D070E7F80}.Debug|Any CPU.Build.0 = Debug|Any CPU
		{72CA7A00-25CC-421F-AA77-643D070E7F80}.Release|Any CPU.ActiveCfg = Release|Any CPU
		{72CA7A00-25CC-421F-AA77-643D070E7F80}.Release|Any CPU.Build.0 = Release|Any CPU
		{023FEAC8-15BC-4458-A107-B137222AC4C4}.Debug|Any CPU.ActiveCfg = Debug|Any CPU
		{023FEAC8-15BC-4458-A107-B137222AC4C4}.Debug|Any CPU.Build.0 = Debug|Any CPU
		{023FEAC8-15BC-4458-A107-B137222AC4C4}.Release|Any CPU.ActiveCfg = Release|Any CPU
		{023FEAC8-15BC-4458-A107-B137222AC4C4}.Release|Any CPU.Build.0 = Release|Any CPU
		{7E613A23-9588-41D3-8C55-8D2621621373}.Debug|Any CPU.ActiveCfg = Debug|Any CPU
		{7E613A23-9588-41D3-8C55-8D2621621373}.Debug|Any CPU.Build.0 = Debug|Any CPU
		{7E613A23-9588-41D3-8C55-8D2621621373}.Release|Any CPU.ActiveCfg = Release|Any CPU
		{7E613A23-9588-41D3-8C55-8D2621621373}.Release|Any CPU.Build.0 = Release|Any CPU
		{0BB69958-23E6-43C1-960F-4246ACB30057}.Debug|Any CPU.ActiveCfg = Debug|Any CPU
		{0BB69958-23E6-43C1-960F-4246ACB30057}.Debug|Any CPU.Build.0 = Debug|Any CPU
		{0BB69958-23E6-43C1-960F-4246ACB30057}.Release|Any CPU.ActiveCfg = Release|Any CPU
		{0BB69958-23E6-43C1-960F-4246ACB30057}.Release|Any CPU.Build.0 = Release|Any CPU
		{52349415-B86F-440E-8DF8-B7C6B51EF783}.Debug|Any CPU.ActiveCfg = Debug|Any CPU
		{52349415-B86F-440E-8DF8-B7C6B51EF783}.Debug|Any CPU.Build.0 = Debug|Any CPU
		{52349415-B86F-440E-8DF8-B7C6B51EF783}.Release|Any CPU.ActiveCfg = Release|Any CPU
		{52349415-B86F-440E-8DF8-B7C6B51EF783}.Release|Any CPU.Build.0 = Release|Any CPU
		{8D96BA49-9AE3-4CDC-9762-402A376B80BD}.Debug|Any CPU.ActiveCfg = Debug|Any CPU
		{8D96BA49-9AE3-4CDC-9762-402A376B80BD}.Debug|Any CPU.Build.0 = Debug|Any CPU
		{8D96BA49-9AE3-4CDC-9762-402A376B80BD}.Release|Any CPU.ActiveCfg = Release|Any CPU
		{8D96BA49-9AE3-4CDC-9762-402A376B80BD}.Release|Any CPU.Build.0 = Release|Any CPU
		{20C0913F-B234-417E-9769-5985D1295E27}.Debug|Any CPU.ActiveCfg = Debug|Any CPU
		{20C0913F-B234-417E-9769-5985D1295E27}.Debug|Any CPU.Build.0 = Debug|Any CPU
		{20C0913F-B234-417E-9769-5985D1295E27}.Release|Any CPU.ActiveCfg = Release|Any CPU
		{20C0913F-B234-417E-9769-5985D1295E27}.Release|Any CPU.Build.0 = Release|Any CPU
		{929D2E73-AFF5-4D60-9FDA-0066D21D55C2}.Debug|Any CPU.ActiveCfg = Debug|Any CPU
		{929D2E73-AFF5-4D60-9FDA-0066D21D55C2}.Debug|Any CPU.Build.0 = Debug|Any CPU
		{929D2E73-AFF5-4D60-9FDA-0066D21D55C2}.Release|Any CPU.ActiveCfg = Release|Any CPU
		{929D2E73-AFF5-4D60-9FDA-0066D21D55C2}.Release|Any CPU.Build.0 = Release|Any CPU
		{29AB7647-ECB0-45F3-AB41-3DA262B1DB29}.Debug|Any CPU.ActiveCfg = Debug|Any CPU
		{29AB7647-ECB0-45F3-AB41-3DA262B1DB29}.Debug|Any CPU.Build.0 = Debug|Any CPU
		{29AB7647-ECB0-45F3-AB41-3DA262B1DB29}.Release|Any CPU.ActiveCfg = Release|Any CPU
		{29AB7647-ECB0-45F3-AB41-3DA262B1DB29}.Release|Any CPU.Build.0 = Release|Any CPU
		{7CB3924F-F04A-4E19-BAFC-E98AFE5871A0}.Debug|Any CPU.ActiveCfg = Debug|Any CPU
		{7CB3924F-F04A-4E19-BAFC-E98AFE5871A0}.Debug|Any CPU.Build.0 = Debug|Any CPU
		{7CB3924F-F04A-4E19-BAFC-E98AFE5871A0}.Release|Any CPU.ActiveCfg = Release|Any CPU
		{7CB3924F-F04A-4E19-BAFC-E98AFE5871A0}.Release|Any CPU.Build.0 = Release|Any CPU
		{94E1712C-B087-40D4-B215-9B89C12E8D7B}.Debug|Any CPU.ActiveCfg = Debug|Any CPU
		{94E1712C-B087-40D4-B215-9B89C12E8D7B}.Debug|Any CPU.Build.0 = Debug|Any CPU
		{94E1712C-B087-40D4-B215-9B89C12E8D7B}.Release|Any CPU.ActiveCfg = Release|Any CPU
		{94E1712C-B087-40D4-B215-9B89C12E8D7B}.Release|Any CPU.Build.0 = Release|Any CPU
	EndGlobalSection
	GlobalSection(SolutionProperties) = preSolution
		HideSolutionNode = FALSE
	EndGlobalSection
	GlobalSection(NestedProjects) = preSolution
		{67411DA4-5BDD-41CC-B7FC-529598F5B946} = {0B5E627A-28E6-43C3-969E-73F48618107C}
		{4FEB25C5-9557-4069-AE69-3046E3A00991} = {0B5E627A-28E6-43C3-969E-73F48618107C}
		{72CA7A00-25CC-421F-AA77-643D070E7F80} = {0B5E627A-28E6-43C3-969E-73F48618107C}
		{023FEAC8-15BC-4458-A107-B137222AC4C4} = {0B5E627A-28E6-43C3-969E-73F48618107C}
		{7E613A23-9588-41D3-8C55-8D2621621373} = {0B5E627A-28E6-43C3-969E-73F48618107C}
		{0BB69958-23E6-43C1-960F-4246ACB30057} = {0B5E627A-28E6-43C3-969E-73F48618107C}
		{52349415-B86F-440E-8DF8-B7C6B51EF783} = {0B5E627A-28E6-43C3-969E-73F48618107C}
		{8D96BA49-9AE3-4CDC-9762-402A376B80BD} = {0B5E627A-28E6-43C3-969E-73F48618107C}
		{20C0913F-B234-417E-9769-5985D1295E27} = {0B5E627A-28E6-43C3-969E-73F48618107C}
		{929D2E73-AFF5-4D60-9FDA-0066D21D55C2} = {0B5E627A-28E6-43C3-969E-73F48618107C}
		{29AB7647-ECB0-45F3-AB41-3DA262B1DB29} = {0B5E627A-28E6-43C3-969E-73F48618107C}
		{7CB3924F-F04A-4E19-BAFC-E98AFE5871A0} = {0B5E627A-28E6-43C3-969E-73F48618107C}
		{94E1712C-B087-40D4-B215-9B89C12E8D7B} = {0B5E627A-28E6-43C3-969E-73F48618107C}
	EndGlobalSection
	GlobalSection(ExtensibilityGlobals) = postSolution
		SolutionGuid = {E09D1043-9D8C-4C1D-852F-6C3148E4BFD1}
	EndGlobalSection
EndGlobal
